{
  "name": "LAB_4",
  "lockfileVersion": 3,
  "requires": true,
  "packages": {
    "": {
      "dependencies": {
        "acos": "^0.0.0"
      }
    },
    "node_modules/acos": {
      "version": "0.0.0",
      "resolved": "https://registry.npmjs.org/acos/-/acos-0.0.0.tgz",
      "integrity": "sha512-/BjpvMRCU4MJmoKlfmQ482RpN6WIaavADLXYiKdxDtNJdkdq0esXSA+nTzzmmG2XvofATWI8nOEYeEgsTm07TA=="
    }
  }
}
